
Microsoft Visual Studio Solution File, Format Version 12.00
# Visual Studio Version 16
VisualStudioVersion = 16.0.30907.101
MinimumVisualStudioVersion = 10.0.40219.1
Project("{FAE04EC0-301F-11D3-BF4B-00C04F79EFBC}") = "ExpressionTrees", "ExpressionTrees\ExpressionTrees.csproj", "{78FD8EAA-7B55-464A-BCAB-47504BCE4AA5}"
EndProject
Global
	GlobalSection(SolutionConfigurationPlatforms) = preSolution
		Debug|Any CPU = Debug|Any CPU
		Release|Any CPU = Release|Any CPU
	EndGlobalSection
	GlobalSection(ProjectConfigurationPlatforms) = postSolution
		{78FD8EAA-7B55-464A-BCAB-47504BCE4AA5}.Debug|Any CPU.ActiveCfg = Debug|Any CPU
		{78FD8EAA-7B55-464A-BCAB-47504BCE4AA5}.Debug|Any CPU.Build.0 = Debug|Any CPU
		{78FD8EAA-7B55-464A-BCAB-47504BCE4AA5}.Release|Any CPU.ActiveCfg = Release|Any CPU
		{78FD8EAA-7B55-464A-BCAB-47504BCE4AA5}.Release|Any CPU.Build.0 = Release|Any CPU
	EndGlobalSection
	GlobalSection(SolutionProperties) = preSolution
		HideSolutionNode = FALSE
	EndGlobalSection
	GlobalSection(ExtensibilityGlobals) = postSolution
		SolutionGuid = {F6C8FBA5-3730-460D-8882-58445AED0AD7}
	EndGlobalSection
EndGlobal
