
Microsoft Visual Studio Solution File, Format Version 12.00
# Visual Studio Version 16
VisualStudioVersion = 16.0.30907.101
MinimumVisualStudioVersion = 10.0.40219.1
Project("{FAE04EC0-301F-11D3-BF4B-00C04F79EFBC}") = "ExampleClasses", "ExampleClasses\ExampleClasses.csproj", "{ECC2C9A0-831F-4F18-A520-407326E008AB}"
EndProject
Project("{FAE04EC0-301F-11D3-BF4B-00C04F79EFBC}") = "ParseExpression", "ParseExpression\ParseExpression.csproj", "{1B289995-8251-4626-85D4-C5F846CE16CF}"
EndProject
Project("{FAE04EC0-301F-11D3-BF4B-00C04F79EFBC}") = "CreatingExpression", "CreatingExpression\CreatingExpression.csproj", "{F91165C2-AA2B-41C9-B5AC-D742F3BA6B83}"
EndProject
Project("{FAE04EC0-301F-11D3-BF4B-00C04F79EFBC}") = "Dynamic", "Dynamic\Dynamic.csproj", "{7BFD30FB-D89F-481F-BD8E-207C3D60A1C9}"
EndProject
Project("{FAE04EC0-301F-11D3-BF4B-00C04F79EFBC}") = "InterpetingExpressionVisitorPatternDemo", "InterpetingExpressionVisitorPatternDemo\InterpetingExpressionVisitorPatternDemo.csproj", "{78D6318D-C65C-4C9D-A3A4-F69F0FCF205F}"
EndProject
Project("{FAE04EC0-301F-11D3-BF4B-00C04F79EFBC}") = "AlexeyGolubExpression trees", "AlexeyGolubExpression trees\AlexeyGolubExpression trees.csproj", "{F3E59FBD-75E2-44F7-95CC-38F457A2DC61}"
EndProject
Project("{FAE04EC0-301F-11D3-BF4B-00C04F79EFBC}") = "CodeItUp", "CodeItUp\CodeItUp.csproj", "{2F13895A-61A9-46BA-A311-E4FBD33FE727}"
EndProject
Global
	GlobalSection(SolutionConfigurationPlatforms) = preSolution
		Debug|Any CPU = Debug|Any CPU
		Release|Any CPU = Release|Any CPU
	EndGlobalSection
	GlobalSection(ProjectConfigurationPlatforms) = postSolution
		{ECC2C9A0-831F-4F18-A520-407326E008AB}.Debug|Any CPU.ActiveCfg = Debug|Any CPU
		{ECC2C9A0-831F-4F18-A520-407326E008AB}.Debug|Any CPU.Build.0 = Debug|Any CPU
		{ECC2C9A0-831F-4F18-A520-407326E008AB}.Release|Any CPU.ActiveCfg = Release|Any CPU
		{ECC2C9A0-831F-4F18-A520-407326E008AB}.Release|Any CPU.Build.0 = Release|Any CPU
		{1B289995-8251-4626-85D4-C5F846CE16CF}.Debug|Any CPU.ActiveCfg = Debug|Any CPU
		{1B289995-8251-4626-85D4-C5F846CE16CF}.Debug|Any CPU.Build.0 = Debug|Any CPU
		{1B289995-8251-4626-85D4-C5F846CE16CF}.Release|Any CPU.ActiveCfg = Release|Any CPU
		{1B289995-8251-4626-85D4-C5F846CE16CF}.Release|Any CPU.Build.0 = Release|Any CPU
		{F91165C2-AA2B-41C9-B5AC-D742F3BA6B83}.Debug|Any CPU.ActiveCfg = Debug|Any CPU
		{F91165C2-AA2B-41C9-B5AC-D742F3BA6B83}.Debug|Any CPU.Build.0 = Debug|Any CPU
		{F91165C2-AA2B-41C9-B5AC-D742F3BA6B83}.Release|Any CPU.ActiveCfg = Release|Any CPU
		{F91165C2-AA2B-41C9-B5AC-D742F3BA6B83}.Release|Any CPU.Build.0 = Release|Any CPU
		{7BFD30FB-D89F-481F-BD8E-207C3D60A1C9}.Debug|Any CPU.ActiveCfg = Debug|Any CPU
		{7BFD30FB-D89F-481F-BD8E-207C3D60A1C9}.Debug|Any CPU.Build.0 = Debug|Any CPU
		{7BFD30FB-D89F-481F-BD8E-207C3D60A1C9}.Release|Any CPU.ActiveCfg = Release|Any CPU
		{7BFD30FB-D89F-481F-BD8E-207C3D60A1C9}.Release|Any CPU.Build.0 = Release|Any CPU
		{78D6318D-C65C-4C9D-A3A4-F69F0FCF205F}.Debug|Any CPU.ActiveCfg = Debug|Any CPU
		{78D6318D-C65C-4C9D-A3A4-F69F0FCF205F}.Debug|Any CPU.Build.0 = Debug|Any CPU
		{78D6318D-C65C-4C9D-A3A4-F69F0FCF205F}.Release|Any CPU.ActiveCfg = Release|Any CPU
		{78D6318D-C65C-4C9D-A3A4-F69F0FCF205F}.Release|Any CPU.Build.0 = Release|Any CPU
		{F3E59FBD-75E2-44F7-95CC-38F457A2DC61}.Debug|Any CPU.ActiveCfg = Debug|Any CPU
		{F3E59FBD-75E2-44F7-95CC-38F457A2DC61}.Debug|Any CPU.Build.0 = Debug|Any CPU
		{F3E59FBD-75E2-44F7-95CC-38F457A2DC61}.Release|Any CPU.ActiveCfg = Release|Any CPU
		{F3E59FBD-75E2-44F7-95CC-38F457A2DC61}.Release|Any CPU.Build.0 = Release|Any CPU
		{2F13895A-61A9-46BA-A311-E4FBD33FE727}.Debug|Any CPU.ActiveCfg = Debug|Any CPU
		{2F13895A-61A9-46BA-A311-E4FBD33FE727}.Debug|Any CPU.Build.0 = Debug|Any CPU
		{2F13895A-61A9-46BA-A311-E4FBD33FE727}.Release|Any CPU.ActiveCfg = Release|Any CPU
		{2F13895A-61A9-46BA-A311-E4FBD33FE727}.Release|Any CPU.Build.0 = Release|Any CPU
	EndGlobalSection
	GlobalSection(SolutionProperties) = preSolution
		HideSolutionNode = FALSE
	EndGlobalSection
	GlobalSection(ExtensibilityGlobals) = postSolution
		SolutionGuid = {F6C8FBA5-3730-460D-8882-58445AED0AD7}
	EndGlobalSection
EndGlobal
